
Microsoft Visual Studio Solution File, Format Version 12.00
# Visual Studio Version 16
VisualStudioVersion = 16.0.30517.126
MinimumVisualStudioVersion = 10.0.40219.1
Project("{FAE04EC0-301F-11D3-BF4B-00C04F79EFBC}") = "QTraining.API", "QTraining.API.csproj", "{0BB23E21-85F1-42CB-B373-0925E19D020A}"
EndProject
Project("{FAE04EC0-301F-11D3-BF4B-00C04F79EFBC}") = "QTraining.Data", "..\QTraining.Data\QTraining.Data.csproj", "{43A887B4-22F6-412F-9BD3-23A588F98412}"
EndProject
Global
	GlobalSection(SolutionConfigurationPlatforms) = preSolution
		Debug|Any CPU = Debug|Any CPU
		Release|Any CPU = Release|Any CPU
	EndGlobalSection
	GlobalSection(ProjectConfigurationPlatforms) = postSolution
		{0BB23E21-85F1-42CB-B373-0925E19D020A}.Debug|Any CPU.ActiveCfg = Debug|Any CPU
		{0BB23E21-85F1-42CB-B373-0925E19D020A}.Debug|Any CPU.Build.0 = Debug|Any CPU
		{0BB23E21-85F1-42CB-B373-0925E19D020A}.Release|Any CPU.ActiveCfg = Release|Any CPU
		{0BB23E21-85F1-42CB-B373-0925E19D020A}.Release|Any CPU.Build.0 = Release|Any CPU
		{43A887B4-22F6-412F-9BD3-23A588F98412}.Debug|Any CPU.ActiveCfg = Debug|Any CPU
		{43A887B4-22F6-412F-9BD3-23A588F98412}.Debug|Any CPU.Build.0 = Debug|Any CPU
		{43A887B4-22F6-412F-9BD3-23A588F98412}.Release|Any CPU.ActiveCfg = Release|Any CPU
		{43A887B4-22F6-412F-9BD3-23A588F98412}.Release|Any CPU.Build.0 = Release|Any CPU
	EndGlobalSection
	GlobalSection(SolutionProperties) = preSolution
		HideSolutionNode = FALSE
	EndGlobalSection
	GlobalSection(ExtensibilityGlobals) = postSolution
		SolutionGuid = {E76BF71A-7898-4D0E-8947-70E4040A89B1}
	EndGlobalSection
EndGlobal
